
Microsoft Visual Studio Solution File, Format Version 12.00
# Visual Studio Version 16
VisualStudioVersion = 16.0.30503.244
MinimumVisualStudioVersion = 10.0.40219.1
Project("{FAE04EC0-301F-11D3-BF4B-00C04F79EFBC}") = "Zad1", "Zad1\Zad1.csproj", "{0F8C627B-A084-4F14-821E-D16B9CCEF41D}"
EndProject
Global
	GlobalSection(SolutionConfigurationPlatforms) = preSolution
		Debug|Any CPU = Debug|Any CPU
		Release|Any CPU = Release|Any CPU
	EndGlobalSection
	GlobalSection(ProjectConfigurationPlatforms) = postSolution
		{0F8C627B-A084-4F14-821E-D16B9CCEF41D}.Debug|Any CPU.ActiveCfg = Debug|Any CPU
		{0F8C627B-A084-4F14-821E-D16B9CCEF41D}.Debug|Any CPU.Build.0 = Debug|Any CPU
		{0F8C627B-A084-4F14-821E-D16B9CCEF41D}.Release|Any CPU.ActiveCfg = Release|Any CPU
		{0F8C627B-A084-4F14-821E-D16B9CCEF41D}.Release|Any CPU.Build.0 = Release|Any CPU
	EndGlobalSection
	GlobalSection(SolutionProperties) = preSolution
		HideSolutionNode = FALSE
	EndGlobalSection
	GlobalSection(ExtensibilityGlobals) = postSolution
		SolutionGuid = {F2875B88-3E7B-4902-80B6-42F0092AF42F}
	EndGlobalSection
EndGlobal
